
Microsoft Visual Studio Solution File, Format Version 12.00
# Visual Studio Version 16
VisualStudioVersion = 16.0.34407.143
MinimumVisualStudioVersion = 10.0.40219.1
Project("{FAE04EC0-301F-11D3-BF4B-00C04F79EFBC}") = "The-4th-Coming-Extractor", "The-4th-Coming-Extractor.csproj", "{FC67F214-ABFF-47A7-AB91-77C2DD5340DB}"
EndProject
Global
	GlobalSection(SolutionConfigurationPlatforms) = preSolution
		Debug|Any CPU = Debug|Any CPU
		Release|Any CPU = Release|Any CPU
	EndGlobalSection
	GlobalSection(ProjectConfigurationPlatforms) = postSolution
		{FC67F214-ABFF-47A7-AB91-77C2DD5340DB}.Debug|Any CPU.ActiveCfg = Debug|Any CPU
		{FC67F214-ABFF-47A7-AB91-77C2DD5340DB}.Debug|Any CPU.Build.0 = Debug|Any CPU
		{FC67F214-ABFF-47A7-AB91-77C2DD5340DB}.Release|Any CPU.ActiveCfg = Release|Any CPU
		{FC67F214-ABFF-47A7-AB91-77C2DD5340DB}.Release|Any CPU.Build.0 = Release|Any CPU
	EndGlobalSection
	GlobalSection(SolutionProperties) = preSolution
		HideSolutionNode = FALSE
	EndGlobalSection
	GlobalSection(ExtensibilityGlobals) = postSolution
		SolutionGuid = {2DBD5356-FEC4-450C-8640-D539749C3E8F}
	EndGlobalSection
EndGlobal
